
Microsoft Visual Studio Solution File, Format Version 12.00
# Visual Studio Version 17
VisualStudioVersion = 17.14.36414.22
MinimumVisualStudioVersion = 10.0.40219.1
Project("{FAE04EC0-301F-11D3-BF4B-00C04F79EFBC}") = "GlossayrShop", "GlossayrShop\GlossayrShop.csproj", "{4859358E-3469-442C-9825-586A2D7FDF8C}"
EndProject
Project("{FAE04EC0-301F-11D3-BF4B-00C04F79EFBC}") = "Login", "Login\Login.csproj", "{29C66956-51E8-45AE-916D-C3C0F149642E}"
EndProject
Global
	GlobalSection(SolutionConfigurationPlatforms) = preSolution
		Debug|Any CPU = Debug|Any CPU
		Release|Any CPU = Release|Any CPU
	EndGlobalSection
	GlobalSection(ProjectConfigurationPlatforms) = postSolution
		{4859358E-3469-442C-9825-586A2D7FDF8C}.Debug|Any CPU.ActiveCfg = Debug|Any CPU
		{4859358E-3469-442C-9825-586A2D7FDF8C}.Debug|Any CPU.Build.0 = Debug|Any CPU
		{4859358E-3469-442C-9825-586A2D7FDF8C}.Release|Any CPU.ActiveCfg = Release|Any CPU
		{4859358E-3469-442C-9825-586A2D7FDF8C}.Release|Any CPU.Build.0 = Release|Any CPU
		{29C66956-51E8-45AE-916D-C3C0F149642E}.Debug|Any CPU.ActiveCfg = Debug|Any CPU
		{29C66956-51E8-45AE-916D-C3C0F149642E}.Debug|Any CPU.Build.0 = Debug|Any CPU
		{29C66956-51E8-45AE-916D-C3C0F149642E}.Release|Any CPU.ActiveCfg = Release|Any CPU
		{29C66956-51E8-45AE-916D-C3C0F149642E}.Release|Any CPU.Build.0 = Release|Any CPU
	EndGlobalSection
	GlobalSection(SolutionProperties) = preSolution
		HideSolutionNode = FALSE
	EndGlobalSection
	GlobalSection(ExtensibilityGlobals) = postSolution
		SolutionGuid = {1983E251-3F65-438A-8DC3-D01626A0D884}
	EndGlobalSection
EndGlobal
